
Microsoft Visual Studio Solution File, Format Version 12.00
# Visual Studio Version 16
VisualStudioVersion = 16.0.29519.181
MinimumVisualStudioVersion = 10.0.40219.1
Project("{FAE04EC0-301F-11D3-BF4B-00C04F79EFBC}") = "annale_2018", "annale_2018\annale_2018.csproj", "{510C6A0E-9E2F-48A6-A76A-88BC358E46EC}"
EndProject
Global
	GlobalSection(SolutionConfigurationPlatforms) = preSolution
		Debug|Any CPU = Debug|Any CPU
		Release|Any CPU = Release|Any CPU
	EndGlobalSection
	GlobalSection(ProjectConfigurationPlatforms) = postSolution
		{510C6A0E-9E2F-48A6-A76A-88BC358E46EC}.Debug|Any CPU.ActiveCfg = Debug|Any CPU
		{510C6A0E-9E2F-48A6-A76A-88BC358E46EC}.Debug|Any CPU.Build.0 = Debug|Any CPU
		{510C6A0E-9E2F-48A6-A76A-88BC358E46EC}.Release|Any CPU.ActiveCfg = Release|Any CPU
		{510C6A0E-9E2F-48A6-A76A-88BC358E46EC}.Release|Any CPU.Build.0 = Release|Any CPU
	EndGlobalSection
	GlobalSection(SolutionProperties) = preSolution
		HideSolutionNode = FALSE
	EndGlobalSection
	GlobalSection(ExtensibilityGlobals) = postSolution
		SolutionGuid = {19B86F7C-DBF8-4AA2-9CA6-117C363190D7}
	EndGlobalSection
EndGlobal
