
Microsoft Visual Studio Solution File, Format Version 12.00
# Visual Studio Version 16
VisualStudioVersion = 16.0.29424.173
MinimumVisualStudioVersion = 10.0.40219.1
Project("{FAE04EC0-301F-11D3-BF4B-00C04F79EFBC}") = "exo1", "exo1\exo1.csproj", "{F5381BF1-C710-4ECE-94A6-3CEE0B56E7F9}"
EndProject
Project("{FAE04EC0-301F-11D3-BF4B-00C04F79EFBC}") = "exo2", "exo2\exo2.csproj", "{DD91F3B6-A553-4DC5-8951-C13260A91C3B}"
EndProject
Global
	GlobalSection(SolutionConfigurationPlatforms) = preSolution
		Debug|Any CPU = Debug|Any CPU
		Release|Any CPU = Release|Any CPU
	EndGlobalSection
	GlobalSection(ProjectConfigurationPlatforms) = postSolution
		{F5381BF1-C710-4ECE-94A6-3CEE0B56E7F9}.Debug|Any CPU.ActiveCfg = Debug|Any CPU
		{F5381BF1-C710-4ECE-94A6-3CEE0B56E7F9}.Debug|Any CPU.Build.0 = Debug|Any CPU
		{F5381BF1-C710-4ECE-94A6-3CEE0B56E7F9}.Release|Any CPU.ActiveCfg = Release|Any CPU
		{F5381BF1-C710-4ECE-94A6-3CEE0B56E7F9}.Release|Any CPU.Build.0 = Release|Any CPU
		{DD91F3B6-A553-4DC5-8951-C13260A91C3B}.Debug|Any CPU.ActiveCfg = Debug|Any CPU
		{DD91F3B6-A553-4DC5-8951-C13260A91C3B}.Debug|Any CPU.Build.0 = Debug|Any CPU
		{DD91F3B6-A553-4DC5-8951-C13260A91C3B}.Release|Any CPU.ActiveCfg = Release|Any CPU
		{DD91F3B6-A553-4DC5-8951-C13260A91C3B}.Release|Any CPU.Build.0 = Release|Any CPU
	EndGlobalSection
	GlobalSection(SolutionProperties) = preSolution
		HideSolutionNode = FALSE
	EndGlobalSection
	GlobalSection(ExtensibilityGlobals) = postSolution
		SolutionGuid = {C86BBAE9-6F70-428C-AEE8-7E664B482C58}
	EndGlobalSection
EndGlobal
